
Microsoft Visual Studio Solution File, Format Version 12.00
# Visual Studio Version 16
VisualStudioVersion = 16.0.31229.75
MinimumVisualStudioVersion = 10.0.40219.1
Project("{FAE04EC0-301F-11D3-BF4B-00C04F79EFBC}") = "Coink", "Coink\Coink.csproj", "{840108F6-2C3C-4B9D-BA8A-20ADA9D3A90E}"
EndProject
Project("{FAE04EC0-301F-11D3-BF4B-00C04F79EFBC}") = "Coink.BLL", "Coink.BLL\Coink.BLL.csproj", "{7917111E-9A73-4584-81DC-46F37B3AF1C7}"
EndProject
Project("{FAE04EC0-301F-11D3-BF4B-00C04F79EFBC}") = "Coink.DAL", "Coink.DAL\Coink.DAL.csproj", "{354FDE67-7BE2-4376-86C3-7D66A7587C63}"
EndProject
Project("{FAE04EC0-301F-11D3-BF4B-00C04F79EFBC}") = "Coink.DTO", "Coink.DTO\Coink.DTO.csproj", "{A83D0FF9-61E6-4D90-9675-7B1E84A1A9BD}"
EndProject
Project("{FAE04EC0-301F-11D3-BF4B-00C04F79EFBC}") = "Coink.Utilities", "Coink.Utilities\Coink.Utilities.csproj", "{9C4E7B4A-870B-4219-9DDE-A18E09C6307E}"
EndProject
Global
	GlobalSection(SolutionConfigurationPlatforms) = preSolution
		Debug|Any CPU = Debug|Any CPU
		Release|Any CPU = Release|Any CPU
	EndGlobalSection
	GlobalSection(ProjectConfigurationPlatforms) = postSolution
		{840108F6-2C3C-4B9D-BA8A-20ADA9D3A90E}.Debug|Any CPU.ActiveCfg = Debug|Any CPU
		{840108F6-2C3C-4B9D-BA8A-20ADA9D3A90E}.Debug|Any CPU.Build.0 = Debug|Any CPU
		{840108F6-2C3C-4B9D-BA8A-20ADA9D3A90E}.Release|Any CPU.ActiveCfg = Release|Any CPU
		{840108F6-2C3C-4B9D-BA8A-20ADA9D3A90E}.Release|Any CPU.Build.0 = Release|Any CPU
		{7917111E-9A73-4584-81DC-46F37B3AF1C7}.Debug|Any CPU.ActiveCfg = Debug|Any CPU
		{7917111E-9A73-4584-81DC-46F37B3AF1C7}.Debug|Any CPU.Build.0 = Debug|Any CPU
		{7917111E-9A73-4584-81DC-46F37B3AF1C7}.Release|Any CPU.ActiveCfg = Release|Any CPU
		{7917111E-9A73-4584-81DC-46F37B3AF1C7}.Release|Any CPU.Build.0 = Release|Any CPU
		{354FDE67-7BE2-4376-86C3-7D66A7587C63}.Debug|Any CPU.ActiveCfg = Debug|Any CPU
		{354FDE67-7BE2-4376-86C3-7D66A7587C63}.Debug|Any CPU.Build.0 = Debug|Any CPU
		{354FDE67-7BE2-4376-86C3-7D66A7587C63}.Release|Any CPU.ActiveCfg = Release|Any CPU
		{354FDE67-7BE2-4376-86C3-7D66A7587C63}.Release|Any CPU.Build.0 = Release|Any CPU
		{A83D0FF9-61E6-4D90-9675-7B1E84A1A9BD}.Debug|Any CPU.ActiveCfg = Debug|Any CPU
		{A83D0FF9-61E6-4D90-9675-7B1E84A1A9BD}.Debug|Any CPU.Build.0 = Debug|Any CPU
		{A83D0FF9-61E6-4D90-9675-7B1E84A1A9BD}.Release|Any CPU.ActiveCfg = Release|Any CPU
		{A83D0FF9-61E6-4D90-9675-7B1E84A1A9BD}.Release|Any CPU.Build.0 = Release|Any CPU
		{9C4E7B4A-870B-4219-9DDE-A18E09C6307E}.Debug|Any CPU.ActiveCfg = Debug|Any CPU
		{9C4E7B4A-870B-4219-9DDE-A18E09C6307E}.Debug|Any CPU.Build.0 = Debug|Any CPU
		{9C4E7B4A-870B-4219-9DDE-A18E09C6307E}.Release|Any CPU.ActiveCfg = Release|Any CPU
		{9C4E7B4A-870B-4219-9DDE-A18E09C6307E}.Release|Any CPU.Build.0 = Release|Any CPU
	EndGlobalSection
	GlobalSection(SolutionProperties) = preSolution
		HideSolutionNode = FALSE
	EndGlobalSection
	GlobalSection(ExtensibilityGlobals) = postSolution
		SolutionGuid = {1CD7407D-6EC9-4C92-B6D8-29E123740BBE}
	EndGlobalSection
EndGlobal
